
Microsoft Visual Studio Solution File, Format Version 12.00
# Visual Studio Version 17
VisualStudioVersion = 17.0.32014.148
MinimumVisualStudioVersion = 10.0.40219.1
Project("{FAE04EC0-301F-11D3-BF4B-00C04F79EFBC}") = "ExercicioInterface", "ExercicioInterface.csproj", "{35123709-971D-4398-AAC5-0A071925CF96}"
EndProject
Global
	GlobalSection(SolutionConfigurationPlatforms) = preSolution
		Debug|Any CPU = Debug|Any CPU
		Release|Any CPU = Release|Any CPU
	EndGlobalSection
	GlobalSection(ProjectConfigurationPlatforms) = postSolution
		{35123709-971D-4398-AAC5-0A071925CF96}.Debug|Any CPU.ActiveCfg = Debug|Any CPU
		{35123709-971D-4398-AAC5-0A071925CF96}.Debug|Any CPU.Build.0 = Debug|Any CPU
		{35123709-971D-4398-AAC5-0A071925CF96}.Release|Any CPU.ActiveCfg = Release|Any CPU
		{35123709-971D-4398-AAC5-0A071925CF96}.Release|Any CPU.Build.0 = Release|Any CPU
	EndGlobalSection
	GlobalSection(SolutionProperties) = preSolution
		HideSolutionNode = FALSE
	EndGlobalSection
	GlobalSection(ExtensibilityGlobals) = postSolution
		SolutionGuid = {F3D2065E-01B3-422F-A2BB-5AF94B25F2E5}
	EndGlobalSection
EndGlobal
