
Microsoft Visual Studio Solution File, Format Version 12.00
# Visual Studio Version 17
VisualStudioVersion = 17.1.32210.238
MinimumVisualStudioVersion = 10.0.40219.1
Project("{FAE04EC0-301F-11D3-BF4B-00C04F79EFBC}") = "AppTeste", "AppTeste\AppTeste.csproj", "{89B09AB2-AB0D-4E27-AF1B-82C10EC8B70B}"
EndProject
Global
	GlobalSection(SolutionConfigurationPlatforms) = preSolution
		Debug|Any CPU = Debug|Any CPU
		Release|Any CPU = Release|Any CPU
	EndGlobalSection
	GlobalSection(ProjectConfigurationPlatforms) = postSolution
		{89B09AB2-AB0D-4E27-AF1B-82C10EC8B70B}.Debug|Any CPU.ActiveCfg = Debug|Any CPU
		{89B09AB2-AB0D-4E27-AF1B-82C10EC8B70B}.Debug|Any CPU.Build.0 = Debug|Any CPU
		{89B09AB2-AB0D-4E27-AF1B-82C10EC8B70B}.Release|Any CPU.ActiveCfg = Release|Any CPU
		{89B09AB2-AB0D-4E27-AF1B-82C10EC8B70B}.Release|Any CPU.Build.0 = Release|Any CPU
	EndGlobalSection
	GlobalSection(SolutionProperties) = preSolution
		HideSolutionNode = FALSE
	EndGlobalSection
	GlobalSection(ExtensibilityGlobals) = postSolution
		SolutionGuid = {C9CDF8D4-25BA-4218-A0D8-BE55890194C6}
	EndGlobalSection
EndGlobal
