
Microsoft Visual Studio Solution File, Format Version 12.00
# Visual Studio Version 17
VisualStudioVersion = 17.0.32014.148
MinimumVisualStudioVersion = 10.0.40219.1
Project("{FAE04EC0-301F-11D3-BF4B-00C04F79EFBC}") = "ExercicioCalcularArea", "ExercicioCalcularArea.csproj", "{DED57BBA-1AD6-4281-B29F-E66869056185}"
EndProject
Global
	GlobalSection(SolutionConfigurationPlatforms) = preSolution
		Debug|Any CPU = Debug|Any CPU
		Release|Any CPU = Release|Any CPU
	EndGlobalSection
	GlobalSection(ProjectConfigurationPlatforms) = postSolution
		{DED57BBA-1AD6-4281-B29F-E66869056185}.Debug|Any CPU.ActiveCfg = Debug|Any CPU
		{DED57BBA-1AD6-4281-B29F-E66869056185}.Debug|Any CPU.Build.0 = Debug|Any CPU
		{DED57BBA-1AD6-4281-B29F-E66869056185}.Release|Any CPU.ActiveCfg = Release|Any CPU
		{DED57BBA-1AD6-4281-B29F-E66869056185}.Release|Any CPU.Build.0 = Release|Any CPU
	EndGlobalSection
	GlobalSection(SolutionProperties) = preSolution
		HideSolutionNode = FALSE
	EndGlobalSection
	GlobalSection(ExtensibilityGlobals) = postSolution
		SolutionGuid = {9CA37E77-16F0-44A3-A3D5-79934DD0FBAF}
	EndGlobalSection
EndGlobal
